{
  "requires": true,
  "lockfileVersion": 1,
  "dependencies": {
    "popup-validation": {
      "version": "3.0.3",
      "resolved": "https://registry.npmjs.org/popup-validation/-/popup-validation-3.0.3.tgz",
      "integrity": "sha512-zlTzeoDrS6YNjIf+bVc/VxPME8KcR/xKjB+5TR72RuwSHMevgofsg/QdK5ePm56aHsEQ0mUwSBjVdsxwRoACig=="
    }
  }
}
