{
  "name": "dayExercises",
  "version": "1.0.0",
  "lockfileVersion": 1,
  "requires": true,
  "dependencies": {
    "@types/node": {
      "version": "17.0.23",
      "resolved": "https://registry.npmjs.org/@types/node/-/node-17.0.23.tgz",
      "integrity": "sha512-UxDxWn7dl97rKVeVS61vErvw086aCYhDLyvRQZ5Rk65rZKepaFdm53GeqXaKBuOhED4e9uWq34IC3TdSdJJ2Gw==",
      "dev": true
    },
    "tsc-node": {
      "version": "0.0.3",
      "resolved": "https://registry.npmjs.org/tsc-node/-/tsc-node-0.0.3.tgz",
      "integrity": "sha1-PiYZkHY2ZEtPxqPC1mAm+fZlqdo=",
      "dev": true,
      "requires": {
        "typescript": "^2.1.5"
      },
      "dependencies": {
        "typescript": {
          "version": "2.9.2",
          "resolved": "https://registry.npmjs.org/typescript/-/typescript-2.9.2.tgz",
          "integrity": "sha512-Gr4p6nFNaoufRIY4NMdpQRNmgxVIGMs4Fcu/ujdYk3nAZqk7supzBE9idmvfZIlH/Cuj//dvi+019qEue9lV0w==",
          "dev": true
        }
      }
    },
    "typescript": {
      "version": "4.6.3",
      "resolved": "https://registry.npmjs.org/typescript/-/typescript-4.6.3.tgz",
      "integrity": "sha512-yNIatDa5iaofVozS/uQJEl3JRWLKKGJKh6Yaiv0GLGSuhpFJe7P3SbHZ8/yjAHRQwKRoA6YZqlfjXWmVzoVSMw==",
      "dev": true
    }
  }
}
